
Microsoft Visual Studio Solution File, Format Version 12.00
# Visual Studio 14
VisualStudioVersion = 14.0.24720.0
MinimumVisualStudioVersion = 10.0.40219.1
Project("{2150E333-8FDC-42A3-9474-1A3956D46DE8}") = ".paket", ".paket", "{07D9947A-4D31-45A8-AE85-CD5B596BDFC1}"
	ProjectSection(SolutionItems) = preProject
		paket.dependencies = paket.dependencies
	EndProjectSection
EndProject
Project("{2150E333-8FDC-42A3-9474-1A3956D46DE8}") = "data", "data", "{4A90FFAE-7006-4DE0-886F-0AD0124663A9}"
	ProjectSection(SolutionItems) = preProject
		data\attributes.csv = data\attributes.csv
		data\product_descriptions.csv = data\product_descriptions.csv
		data\sample_submission.csv = data\sample_submission.csv
		data\test.csv = data\test.csv
		data\train.csv = data\train.csv
	EndProjectSection
EndProject
Project("{F2A71F9B-5D33-465A-A702-920D77279786}") = "ProductSearchRelevance.FSharp", "ProductSearchRelevance.FSharp\ProductSearchRelevance.FSharp.fsproj", "{14EDCDC3-8BEE-4716-ADA7-BF48F414160C}"
EndProject
Project("{888888A0-9F3D-457C-B088-3A5042F75D52}") = "ProductSearchRelevance.Python", "ProductSearchRelevance.Python\ProductSearchRelevance.Python.pyproj", "{15839224-F770-46BF-B054-BB17571CBEB3}"
EndProject
Global
	GlobalSection(SolutionConfigurationPlatforms) = preSolution
		Debug|Any CPU = Debug|Any CPU
		Release|Any CPU = Release|Any CPU
	EndGlobalSection
	GlobalSection(ProjectConfigurationPlatforms) = postSolution
		{14EDCDC3-8BEE-4716-ADA7-BF48F414160C}.Debug|Any CPU.ActiveCfg = Debug|Any CPU
		{14EDCDC3-8BEE-4716-ADA7-BF48F414160C}.Debug|Any CPU.Build.0 = Debug|Any CPU
		{14EDCDC3-8BEE-4716-ADA7-BF48F414160C}.Release|Any CPU.ActiveCfg = Release|Any CPU
		{14EDCDC3-8BEE-4716-ADA7-BF48F414160C}.Release|Any CPU.Build.0 = Release|Any CPU
		{15839224-F770-46BF-B054-BB17571CBEB3}.Debug|Any CPU.ActiveCfg = Debug|Any CPU
		{15839224-F770-46BF-B054-BB17571CBEB3}.Release|Any CPU.ActiveCfg = Release|Any CPU
	EndGlobalSection
	GlobalSection(SolutionProperties) = preSolution
		HideSolutionNode = FALSE
	EndGlobalSection
EndGlobal
